
Microsoft Visual Studio Solution File, Format Version 12.00
# Visual Studio Version 16
VisualStudioVersion = 16.0.30517.126
MinimumVisualStudioVersion = 10.0.40219.1
Project("{8BC9CEB8-8B4A-11D0-8D11-00A0C91BC942}") = "работа 1", "работа 1\работа 1.vcxproj", "{83E09124-EA23-4651-8061-7553420CB0CE}"
EndProject
Global
	GlobalSection(SolutionConfigurationPlatforms) = preSolution
		Debug|x64 = Debug|x64
		Debug|x86 = Debug|x86
		Release|x64 = Release|x64
		Release|x86 = Release|x86
	EndGlobalSection
	GlobalSection(ProjectConfigurationPlatforms) = postSolution
		{83E09124-EA23-4651-8061-7553420CB0CE}.Debug|x64.ActiveCfg = Debug|x64
		{83E09124-EA23-4651-8061-7553420CB0CE}.Debug|x64.Build.0 = Debug|x64
		{83E09124-EA23-4651-8061-7553420CB0CE}.Debug|x86.ActiveCfg = Debug|Win32
		{83E09124-EA23-4651-8061-7553420CB0CE}.Debug|x86.Build.0 = Debug|Win32
		{83E09124-EA23-4651-8061-7553420CB0CE}.Release|x64.ActiveCfg = Release|x64
		{83E09124-EA23-4651-8061-7553420CB0CE}.Release|x64.Build.0 = Release|x64
		{83E09124-EA23-4651-8061-7553420CB0CE}.Release|x86.ActiveCfg = Release|Win32
		{83E09124-EA23-4651-8061-7553420CB0CE}.Release|x86.Build.0 = Release|Win32
	EndGlobalSection
	GlobalSection(SolutionProperties) = preSolution
		HideSolutionNode = FALSE
	EndGlobalSection
	GlobalSection(ExtensibilityGlobals) = postSolution
		SolutionGuid = {71127EE4-6EF0-40BE-8E45-72CB03185BAE}
	EndGlobalSection
EndGlobal
